
Microsoft Visual Studio Solution File, Format Version 12.00
# Visual Studio 15
VisualStudioVersion = 15.0.26124.0
MinimumVisualStudioVersion = 15.0.26124.0
Project("{FAE04EC0-301F-11D3-BF4B-00C04F79EFBC}") = "R5T.Kalamaria.Base.Construction", "R5T.Kalamaria.Base.Construction\R5T.Kalamaria.Base.Construction.csproj", "{6B486C5E-677E-48FE-898C-DD4BD7D08898}"
EndProject
Project("{FAE04EC0-301F-11D3-BF4B-00C04F79EFBC}") = "R5T.Kalamaria.Base", "R5T.Kalamaria.Base\R5T.Kalamaria.Base.csproj", "{7A1760F7-884D-455A-892E-6515013BEFCF}"
EndProject
Global
	GlobalSection(SolutionConfigurationPlatforms) = preSolution
		Debug|Any CPU = Debug|Any CPU
		Debug|x64 = Debug|x64
		Debug|x86 = Debug|x86
		Release|Any CPU = Release|Any CPU
		Release|x64 = Release|x64
		Release|x86 = Release|x86
	EndGlobalSection
	GlobalSection(SolutionProperties) = preSolution
		HideSolutionNode = FALSE
	EndGlobalSection
	GlobalSection(ProjectConfigurationPlatforms) = postSolution
		{6B486C5E-677E-48FE-898C-DD4BD7D08898}.Debug|Any CPU.ActiveCfg = Debug|Any CPU
		{6B486C5E-677E-48FE-898C-DD4BD7D08898}.Debug|Any CPU.Build.0 = Debug|Any CPU
		{6B486C5E-677E-48FE-898C-DD4BD7D08898}.Debug|x64.ActiveCfg = Debug|Any CPU
		{6B486C5E-677E-48FE-898C-DD4BD7D08898}.Debug|x64.Build.0 = Debug|Any CPU
		{6B486C5E-677E-48FE-898C-DD4BD7D08898}.Debug|x86.ActiveCfg = Debug|Any CPU
		{6B486C5E-677E-48FE-898C-DD4BD7D08898}.Debug|x86.Build.0 = Debug|Any CPU
		{6B486C5E-677E-48FE-898C-DD4BD7D08898}.Release|Any CPU.ActiveCfg = Release|Any CPU
		{6B486C5E-677E-48FE-898C-DD4BD7D08898}.Release|Any CPU.Build.0 = Release|Any CPU
		{6B486C5E-677E-48FE-898C-DD4BD7D08898}.Release|x64.ActiveCfg = Release|Any CPU
		{6B486C5E-677E-48FE-898C-DD4BD7D08898}.Release|x64.Build.0 = Release|Any CPU
		{6B486C5E-677E-48FE-898C-DD4BD7D08898}.Release|x86.ActiveCfg = Release|Any CPU
		{6B486C5E-677E-48FE-898C-DD4BD7D08898}.Release|x86.Build.0 = Release|Any CPU
		{7A1760F7-884D-455A-892E-6515013BEFCF}.Debug|Any CPU.ActiveCfg = Debug|Any CPU
		{7A1760F7-884D-455A-892E-6515013BEFCF}.Debug|Any CPU.Build.0 = Debug|Any CPU
		{7A1760F7-884D-455A-892E-6515013BEFCF}.Debug|x64.ActiveCfg = Debug|Any CPU
		{7A1760F7-884D-455A-892E-6515013BEFCF}.Debug|x64.Build.0 = Debug|Any CPU
		{7A1760F7-884D-455A-892E-6515013BEFCF}.Debug|x86.ActiveCfg = Debug|Any CPU
		{7A1760F7-884D-455A-892E-6515013BEFCF}.Debug|x86.Build.0 = Debug|Any CPU
		{7A1760F7-884D-455A-892E-6515013BEFCF}.Release|Any CPU.ActiveCfg = Release|Any CPU
		{7A1760F7-884D-455A-892E-6515013BEFCF}.Release|Any CPU.Build.0 = Release|Any CPU
		{7A1760F7-884D-455A-892E-6515013BEFCF}.Release|x64.ActiveCfg = Release|Any CPU
		{7A1760F7-884D-455A-892E-6515013BEFCF}.Release|x64.Build.0 = Release|Any CPU
		{7A1760F7-884D-455A-892E-6515013BEFCF}.Release|x86.ActiveCfg = Release|Any CPU
		{7A1760F7-884D-455A-892E-6515013BEFCF}.Release|x86.Build.0 = Release|Any CPU
	EndGlobalSection
EndGlobal
