
Microsoft Visual Studio Solution File, Format Version 12.00
# Visual Studio Version 16
VisualStudioVersion = 16.0.30114.105
MinimumVisualStudioVersion = 10.0.40219.1
Project("{FAE04EC0-301F-11D3-BF4B-00C04F79EFBC}") = "R5T.Kalamaria.Base", "R5T.Kalamaria.Base\R5T.Kalamaria.Base.csproj", "{07CD1D71-701F-4D76-9354-987CD067FF14}"
EndProject
Project("{FAE04EC0-301F-11D3-BF4B-00C04F79EFBC}") = "R5T.Kalamaria.Base.Construction", "R5T.Kalamaria.Base.Construction\R5T.Kalamaria.Base.Construction.csproj", "{00159012-0561-4E79-BE35-2CCC023F0769}"
EndProject
Project("{2150E333-8FDC-42A3-9474-1A3956D46DE8}") = "_Dependencies", "_Dependencies", "{AAF9F023-EF0E-41CB-9F46-FF95FBA9D12A}"
EndProject
Project("{FAE04EC0-301F-11D3-BF4B-00C04F79EFBC}") = "R5T.T0064", "..\..\R5T.T0064\source\R5T.T0064\R5T.T0064.csproj", "{80501C53-0A25-4A72-8404-DC8AF854B5A4}"
EndProject
Global
	GlobalSection(SolutionConfigurationPlatforms) = preSolution
		Debug|Any CPU = Debug|Any CPU
		Debug|x64 = Debug|x64
		Debug|x86 = Debug|x86
		Release|Any CPU = Release|Any CPU
		Release|x64 = Release|x64
		Release|x86 = Release|x86
	EndGlobalSection
	GlobalSection(SolutionProperties) = preSolution
		HideSolutionNode = FALSE
	EndGlobalSection
	GlobalSection(ProjectConfigurationPlatforms) = postSolution
		{07CD1D71-701F-4D76-9354-987CD067FF14}.Debug|Any CPU.ActiveCfg = Debug|Any CPU
		{07CD1D71-701F-4D76-9354-987CD067FF14}.Debug|Any CPU.Build.0 = Debug|Any CPU
		{07CD1D71-701F-4D76-9354-987CD067FF14}.Debug|x64.ActiveCfg = Debug|Any CPU
		{07CD1D71-701F-4D76-9354-987CD067FF14}.Debug|x64.Build.0 = Debug|Any CPU
		{07CD1D71-701F-4D76-9354-987CD067FF14}.Debug|x86.ActiveCfg = Debug|Any CPU
		{07CD1D71-701F-4D76-9354-987CD067FF14}.Debug|x86.Build.0 = Debug|Any CPU
		{07CD1D71-701F-4D76-9354-987CD067FF14}.Release|Any CPU.ActiveCfg = Release|Any CPU
		{07CD1D71-701F-4D76-9354-987CD067FF14}.Release|Any CPU.Build.0 = Release|Any CPU
		{07CD1D71-701F-4D76-9354-987CD067FF14}.Release|x64.ActiveCfg = Release|Any CPU
		{07CD1D71-701F-4D76-9354-987CD067FF14}.Release|x64.Build.0 = Release|Any CPU
		{07CD1D71-701F-4D76-9354-987CD067FF14}.Release|x86.ActiveCfg = Release|Any CPU
		{07CD1D71-701F-4D76-9354-987CD067FF14}.Release|x86.Build.0 = Release|Any CPU
		{00159012-0561-4E79-BE35-2CCC023F0769}.Debug|Any CPU.ActiveCfg = Debug|Any CPU
		{00159012-0561-4E79-BE35-2CCC023F0769}.Debug|Any CPU.Build.0 = Debug|Any CPU
		{00159012-0561-4E79-BE35-2CCC023F0769}.Debug|x64.ActiveCfg = Debug|Any CPU
		{00159012-0561-4E79-BE35-2CCC023F0769}.Debug|x64.Build.0 = Debug|Any CPU
		{00159012-0561-4E79-BE35-2CCC023F0769}.Debug|x86.ActiveCfg = Debug|Any CPU
		{00159012-0561-4E79-BE35-2CCC023F0769}.Debug|x86.Build.0 = Debug|Any CPU
		{00159012-0561-4E79-BE35-2CCC023F0769}.Release|Any CPU.ActiveCfg = Release|Any CPU
		{00159012-0561-4E79-BE35-2CCC023F0769}.Release|Any CPU.Build.0 = Release|Any CPU
		{00159012-0561-4E79-BE35-2CCC023F0769}.Release|x64.ActiveCfg = Release|Any CPU
		{00159012-0561-4E79-BE35-2CCC023F0769}.Release|x64.Build.0 = Release|Any CPU
		{00159012-0561-4E79-BE35-2CCC023F0769}.Release|x86.ActiveCfg = Release|Any CPU
		{00159012-0561-4E79-BE35-2CCC023F0769}.Release|x86.Build.0 = Release|Any CPU
		{80501C53-0A25-4A72-8404-DC8AF854B5A4}.Debug|Any CPU.ActiveCfg = Debug|Any CPU
		{80501C53-0A25-4A72-8404-DC8AF854B5A4}.Debug|Any CPU.Build.0 = Debug|Any CPU
		{80501C53-0A25-4A72-8404-DC8AF854B5A4}.Debug|x64.ActiveCfg = Debug|Any CPU
		{80501C53-0A25-4A72-8404-DC8AF854B5A4}.Debug|x64.Build.0 = Debug|Any CPU
		{80501C53-0A25-4A72-8404-DC8AF854B5A4}.Debug|x86.ActiveCfg = Debug|Any CPU
		{80501C53-0A25-4A72-8404-DC8AF854B5A4}.Debug|x86.Build.0 = Debug|Any CPU
		{80501C53-0A25-4A72-8404-DC8AF854B5A4}.Release|Any CPU.ActiveCfg = Release|Any CPU
		{80501C53-0A25-4A72-8404-DC8AF854B5A4}.Release|Any CPU.Build.0 = Release|Any CPU
		{80501C53-0A25-4A72-8404-DC8AF854B5A4}.Release|x64.ActiveCfg = Release|Any CPU
		{80501C53-0A25-4A72-8404-DC8AF854B5A4}.Release|x64.Build.0 = Release|Any CPU
		{80501C53-0A25-4A72-8404-DC8AF854B5A4}.Release|x86.ActiveCfg = Release|Any CPU
		{80501C53-0A25-4A72-8404-DC8AF854B5A4}.Release|x86.Build.0 = Release|Any CPU
	EndGlobalSection
	GlobalSection(NestedProjects) = preSolution
		{80501C53-0A25-4A72-8404-DC8AF854B5A4} = {AAF9F023-EF0E-41CB-9F46-FF95FBA9D12A}
	EndGlobalSection
EndGlobal
